
Microsoft Visual Studio Solution File, Format Version 12.00
# Visual Studio Version 17
VisualStudioVersion = 17.14.36127.28 d17.14
MinimumVisualStudioVersion = 10.0.40219.1
Project("{FAE04EC0-301F-11D3-BF4B-00C04F79EFBC}") = "VistavkaApp", "VistavkaApp.csproj", "{D9E1BB1E-2303-47AD-9A7C-DE90C134EFC9}"
EndProject
Global
	GlobalSection(SolutionConfigurationPlatforms) = preSolution
		Debug|Any CPU = Debug|Any CPU
		Release|Any CPU = Release|Any CPU
	EndGlobalSection
	GlobalSection(ProjectConfigurationPlatforms) = postSolution
		{D9E1BB1E-2303-47AD-9A7C-DE90C134EFC9}.Debug|Any CPU.ActiveCfg = Debug|Any CPU
		{D9E1BB1E-2303-47AD-9A7C-DE90C134EFC9}.Debug|Any CPU.Build.0 = Debug|Any CPU
		{D9E1BB1E-2303-47AD-9A7C-DE90C134EFC9}.Release|Any CPU.ActiveCfg = Release|Any CPU
		{D9E1BB1E-2303-47AD-9A7C-DE90C134EFC9}.Release|Any CPU.Build.0 = Release|Any CPU
	EndGlobalSection
	GlobalSection(SolutionProperties) = preSolution
		HideSolutionNode = FALSE
	EndGlobalSection
	GlobalSection(ExtensibilityGlobals) = postSolution
		SolutionGuid = {73105F1E-5B3D-47B5-B4D1-72B1DBB3729D}
	EndGlobalSection
EndGlobal
